
Microsoft Visual Studio Solution File, Format Version 12.00
# Visual Studio Version 17
VisualStudioVersion = 17.3.32929.385
MinimumVisualStudioVersion = 10.0.40219.1
Project("{FAE04EC0-301F-11D3-BF4B-00C04F79EFBC}") = "倒三角", "倒三角\倒三角.csproj", "{9ADB01FD-EDD5-4D4F-945C-949ED4DCFB0C}"
EndProject
Global
	GlobalSection(SolutionConfigurationPlatforms) = preSolution
		Debug|Any CPU = Debug|Any CPU
		Release|Any CPU = Release|Any CPU
	EndGlobalSection
	GlobalSection(ProjectConfigurationPlatforms) = postSolution
		{9ADB01FD-EDD5-4D4F-945C-949ED4DCFB0C}.Debug|Any CPU.ActiveCfg = Debug|Any CPU
		{9ADB01FD-EDD5-4D4F-945C-949ED4DCFB0C}.Debug|Any CPU.Build.0 = Debug|Any CPU
		{9ADB01FD-EDD5-4D4F-945C-949ED4DCFB0C}.Release|Any CPU.ActiveCfg = Release|Any CPU
		{9ADB01FD-EDD5-4D4F-945C-949ED4DCFB0C}.Release|Any CPU.Build.0 = Release|Any CPU
	EndGlobalSection
	GlobalSection(SolutionProperties) = preSolution
		HideSolutionNode = FALSE
	EndGlobalSection
	GlobalSection(ExtensibilityGlobals) = postSolution
		SolutionGuid = {2EBA5B9A-52A0-45FA-8DB3-6DC208EA5DA2}
	EndGlobalSection
EndGlobal
